PODS:
  - lottie-ios (3.1.9)
  - MobileWorkflow (2.1.1):
    - MobileWorkflow/Core (= 2.1.1)
  - MobileWorkflow/Core (2.1.1)

DEPENDENCIES:
  - lottie-ios (~> 3.1.9)
  - MobileWorkflow

SPEC REPOS:
  https://github.com/FutureWorkshops/MWPodspecs.git:
    - MobileWorkflow
  trunk:
    - lottie-ios

SPEC CHECKSUMS:
  lottie-ios: 3a3758ef5a008e762faec9c9d50a39842f26d124
  MobileWorkflow: 6d847cb8e553969e3147d96abb2c308fc9c7d717

PODFILE CHECKSUM: 7e5cda21ac252203b9ab5a165bffb6d3f892bed3

COCOAPODS: 1.11.3
