PODS:
  - lottie-ios (3.1.9)
  - MobileWorkflow (0.0.63):
    - MobileWorkflow/Core (= 0.0.63)
  - MobileWorkflow/Core (0.0.63)

DEPENDENCIES:
  - lottie-ios
  - MobileWorkflow

SPEC REPOS:
  https://github.com/FutureWorkshops/MWPodspecs.git:
    - MobileWorkflow
  trunk:
    - lottie-ios

SPEC CHECKSUMS:
  lottie-ios: 3a3758ef5a008e762faec9c9d50a39842f26d124
  MobileWorkflow: 34de057508e5bcb1658474713be0d6c9f430176a

PODFILE CHECKSUM: b429e3341352cd0a784180c04704a7faa7a3e0a3

COCOAPODS: 1.10.0
