PODS:
  - lottie-ios (3.1.9)
  - MobileWorkflow (0.0.112):
    - MobileWorkflow/Core (= 0.0.112)
  - MobileWorkflow/Core (0.0.112)

DEPENDENCIES:
  - lottie-ios (~> 3.1.9)
  - MobileWorkflow

SPEC REPOS:
  https://github.com/FutureWorkshops/MWPodspecs.git:
    - MobileWorkflow
  trunk:
    - lottie-ios

SPEC CHECKSUMS:
  lottie-ios: 3a3758ef5a008e762faec9c9d50a39842f26d124
  MobileWorkflow: e71ab626a264f30cffdcbf794a1bee3cc77310fd

PODFILE CHECKSUM: 7513b3dc2fd6cb4e137dde6937b30d46a7b10d00

COCOAPODS: 1.10.1
