// !$*UTF8*$!
{
	archiveVersion = 1;
	classes = {
	};
	objectVersion = 46;
	objects = {

/* Begin PBXBuildFile section */
		1E77201A14D96AACC71BDEFD /* Pods_MWLottieTests.framework in Frameworks */ = {isa = PBXBuildFile; fileRef = AD4851445B7F2D5073074C2F /* Pods_MWLottieTests.framework */; };
		B190CA3925939F950066F8C1 /* MWLottiePlugin.framework in Frameworks */ = {isa = PBXBuildFile; fileRef = B190CA3825939F950066F8C1 /* MWLottiePlugin.framework */; };
		B190CA3A25939F950066F8C1 /* MWLottiePlugin.framework in Embed Frameworks */ = {isa = PBXBuildFile; fileRef = B190CA3825939F950066F8C1 /* MWLottiePlugin.framework */; settings = {ATTRIBUTES = (CodeSignOnCopy, RemoveHeadersOnCopy, ); }; };
		B190CA4125939FFF0066F8C1 /* app.json in Resources */ = {isa = PBXBuildFile; fileRef = B190CA4025939FFF0066F8C1 /* app.json */; };
		B190CA452593A03E0066F8C1 /* SceneDelegate.swift in Sources */ = {isa = PBXBuildFile; fileRef = B190CA442593A03E0066F8C1 /* SceneDelegate.swift */; };
		B75028B51C5A3F94000EB3CF /* AppDelegate.swift in Sources */ = {isa = PBXBuildFile; fileRef = B75028B41C5A3F94000EB3CF /* AppDelegate.swift */; };
		B75028BC1C5A3F94000EB3CF /* Assets.xcassets in Resources */ = {isa = PBXBuildFile; fileRef = B75028BB1C5A3F94000EB3CF /* Assets.xcassets */; };
		B75028BF1C5A3F94000EB3CF /* LaunchScreen.storyboard in Resources */ = {isa = PBXBuildFile; fileRef = B75028BD1C5A3F94000EB3CF /* LaunchScreen.storyboard */; };
		B75028CA1C5A3F94000EB3CF /* MWLottieTests.swift in Sources */ = {isa = PBXBuildFile; fileRef = B75028C91C5A3F94000EB3CF /* MWLottieTests.swift */; };
		FC72F2C99171A48E3CF9461D /* Pods_MWLottie_MWLottie.framework in Frameworks */ = {isa = PBXBuildFile; fileRef = 255B08774E54D56793732681 /* Pods_MWLottie_MWLottie.framework */; };
/* End PBXBuildFile section */

/* Begin PBXContainerItemProxy section */
		B75028C61C5A3F94000EB3CF /* PBXContainerItemProxy */ = {
			isa = PBXContainerItemProxy;
			containerPortal = B75028A91C5A3F94000EB3CF /* Project object */;
			proxyType = 1;
			remoteGlobalIDString = B75028B01C5A3F94000EB3CF;
			remoteInfo = MWLottie;
		};
/* End PBXContainerItemProxy section */

/* Begin PBXCopyFilesBuildPhase section */
		B190CA3B25939F950066F8C1 /* Embed Frameworks */ = {
			isa = PBXCopyFilesBuildPhase;
			buildActionMask = 2147483647;
			dstPath = "";
			dstSubfolderSpec = 10;
			files = (
				B190CA3A25939F950066F8C1 /* MWLottiePlugin.framework in Embed Frameworks */,
			);
			name = "Embed Frameworks";
			runOnlyForDeploymentPostprocessing = 0;
		};
/* End PBXCopyFilesBuildPhase section */

/* Begin PBXFileReference section */
		0790DB25F588CF56B6B3C13B /* Pods-MWLottie-MWLottie.release.xcconfig */ = {isa = PBXFileReference; includeInIndex = 1; lastKnownFileType = text.xcconfig; name = "Pods-MWLottie-MWLottie.release.xcconfig"; path = "Target Support Files/Pods-MWLottie-MWLottie/Pods-MWLottie-MWLottie.release.xcconfig"; sourceTree = "<group>"; };
		255B08774E54D56793732681 /* Pods_MWLottie_MWLottie.framework */ = {isa = PBXFileReference; explicitFileType = wrapper.framework; includeInIndex = 0; path = Pods_MWLottie_MWLottie.framework; sourceTree = BUILT_PRODUCTS_DIR; };
		3FF2C9A8AC3BDDC8C9E9DEFA /* Pods-MWLottie-MWLottie.debug.xcconfig */ = {isa = PBXFileReference; includeInIndex = 1; lastKnownFileType = text.xcconfig; name = "Pods-MWLottie-MWLottie.debug.xcconfig"; path = "Target Support Files/Pods-MWLottie-MWLottie/Pods-MWLottie-MWLottie.debug.xcconfig"; sourceTree = "<group>"; };
		6E316C8471512CB2D33763B0 /* Pods-MWLottieTests.release.xcconfig */ = {isa = PBXFileReference; includeInIndex = 1; lastKnownFileType = text.xcconfig; name = "Pods-MWLottieTests.release.xcconfig"; path = "Target Support Files/Pods-MWLottieTests/Pods-MWLottieTests.release.xcconfig"; sourceTree = "<group>"; };
		78C0E9BB20BC315100255055 /* MWLottie.entitlements */ = {isa = PBXFileReference; lastKnownFileType = text.plist.entitlements; path = MWLottie.entitlements; sourceTree = "<group>"; };
		7A8FE5FF12A678A2965D6BBA /* Pods-MWLottieTests.debug.xcconfig */ = {isa = PBXFileReference; includeInIndex = 1; lastKnownFileType = text.xcconfig; name = "Pods-MWLottieTests.debug.xcconfig"; path = "Target Support Files/Pods-MWLottieTests/Pods-MWLottieTests.debug.xcconfig"; sourceTree = "<group>"; };
		AD4851445B7F2D5073074C2F /* Pods_MWLottieTests.framework */ = {isa = PBXFileReference; explicitFileType = wrapper.framework; includeInIndex = 0; path = Pods_MWLottieTests.framework; sourceTree = BUILT_PRODUCTS_DIR; };
		B190CA3825939F950066F8C1 /* MWLottiePlugin.framework */ = {isa = PBXFileReference; explicitFileType = wrapper.framework; path = MWLottiePlugin.framework; sourceTree = BUILT_PRODUCTS_DIR; };
		B190CA4025939FFF0066F8C1 /* app.json */ = {isa = PBXFileReference; lastKnownFileType = text.json; path = app.json; sourceTree = "<group>"; };
		B190CA442593A03E0066F8C1 /* SceneDelegate.swift */ = {isa = PBXFileReference; lastKnownFileType = sourcecode.swift; path = SceneDelegate.swift; sourceTree = "<group>"; };
		B75028B11C5A3F94000EB3CF /* MWLottie.app */ = {isa = PBXFileReference; explicitFileType = wrapper.application; includeInIndex = 0; path = MWLottie.app; sourceTree = BUILT_PRODUCTS_DIR; };
		B75028B41C5A3F94000EB3CF /* AppDelegate.swift */ = {isa = PBXFileReference; lastKnownFileType = sourcecode.swift; path = AppDelegate.swift; sourceTree = "<group>"; };
		B75028BB1C5A3F94000EB3CF /* Assets.xcassets */ = {isa = PBXFileReference; lastKnownFileType = folder.assetcatalog; path = Assets.xcassets; sourceTree = "<group>"; };
		B75028BE1C5A3F94000EB3CF /* Base */ = {isa = PBXFileReference; lastKnownFileType = file.storyboard; name = Base; path = Base.lproj/LaunchScreen.storyboard; sourceTree = "<group>"; };
		B75028C01C5A3F94000EB3CF /* Info.plist */ = {isa = PBXFileReference; lastKnownFileType = text.plist.xml; path = Info.plist; sourceTree = "<group>"; };
		B75028C51C5A3F94000EB3CF /* MWLottieTests.xctest */ = {isa = PBXFileReference; explicitFileType = wrapper.cfbundle; includeInIndex = 0; path = MWLottieTests.xctest; sourceTree = BUILT_PRODUCTS_DIR; };
		B75028C91C5A3F94000EB3CF /* MWLottieTests.swift */ = {isa = PBXFileReference; lastKnownFileType = sourcecode.swift; path = MWLottieTests.swift; sourceTree = "<group>"; };
		B75028CB1C5A3F94000EB3CF /* Info.plist */ = {isa = PBXFileReference; lastKnownFileType = text.plist.xml; path = Info.plist; sourceTree = "<group>"; };
		B75028D71C5A4093000EB3CF /* fw-shared.xcconfig */ = {isa = PBXFileReference; fileEncoding = 4; lastKnownFileType = text.xcconfig; path = "fw-shared.xcconfig"; sourceTree = "<group>"; };
		D00D85C49DD42CBBF0993A31 /* Pods-MWLottie.release.xcconfig */ = {isa = PBXFileReference; includeInIndex = 1; lastKnownFileType = text.xcconfig; name = "Pods-MWLottie.release.xcconfig"; path = "Target Support Files/Pods-MWLottie/Pods-MWLottie.release.xcconfig"; sourceTree = "<group>"; };
		DFED9B8FF5B8D6FFF137996D /* Pods-MWLottie.debug.xcconfig */ = {isa = PBXFileReference; includeInIndex = 1; lastKnownFileType = text.xcconfig; name = "Pods-MWLottie.debug.xcconfig"; path = "Target Support Files/Pods-MWLottie/Pods-MWLottie.debug.xcconfig"; sourceTree = "<group>"; };
/* End PBXFileReference section */

/* Begin PBXFrameworksBuildPhase section */
		B75028AE1C5A3F94000EB3CF /* Frameworks */ = {
			isa = PBXFrameworksBuildPhase;
			buildActionMask = 2147483647;
			files = (
				B190CA3925939F950066F8C1 /* MWLottiePlugin.framework in Frameworks */,
				FC72F2C99171A48E3CF9461D /* Pods_MWLottie_MWLottie.framework in Frameworks */,
			);
			runOnlyForDeploymentPostprocessing = 0;
		};
		B75028C21C5A3F94000EB3CF /* Frameworks */ = {
			isa = PBXFrameworksBuildPhase;
			buildActionMask = 2147483647;
			files = (
				1E77201A14D96AACC71BDEFD /* Pods_MWLottieTests.framework in Frameworks */,
			);
			runOnlyForDeploymentPostprocessing = 0;
		};
/* End PBXFrameworksBuildPhase section */

/* Begin PBXGroup section */
		1D422113C90D1EF0158CE982 /* Frameworks */ = {
			isa = PBXGroup;
			children = (
				B190CA3825939F950066F8C1 /* MWLottiePlugin.framework */,
				255B08774E54D56793732681 /* Pods_MWLottie_MWLottie.framework */,
				AD4851445B7F2D5073074C2F /* Pods_MWLottieTests.framework */,
			);
			name = Frameworks;
			sourceTree = "<group>";
		};
		7B4E08F2B7F26AC3E5F055EF /* Pods */ = {
			isa = PBXGroup;
			children = (
				DFED9B8FF5B8D6FFF137996D /* Pods-MWLottie.debug.xcconfig */,
				D00D85C49DD42CBBF0993A31 /* Pods-MWLottie.release.xcconfig */,
				3FF2C9A8AC3BDDC8C9E9DEFA /* Pods-MWLottie-MWLottie.debug.xcconfig */,
				0790DB25F588CF56B6B3C13B /* Pods-MWLottie-MWLottie.release.xcconfig */,
				7A8FE5FF12A678A2965D6BBA /* Pods-MWLottieTests.debug.xcconfig */,
				6E316C8471512CB2D33763B0 /* Pods-MWLottieTests.release.xcconfig */,
			);
			name = Pods;
			path = ../Pods;
			sourceTree = "<group>";
		};
		B190CA3F25939FF00066F8C1 /* App Configuration */ = {
			isa = PBXGroup;
			children = (
				B190CA4025939FFF0066F8C1 /* app.json */,
			);
			path = "App Configuration";
			sourceTree = "<group>";
		};
		B75028A81C5A3F94000EB3CF = {
			isa = PBXGroup;
			children = (
				B75028B31C5A3F94000EB3CF /* MWLottie */,
				B75028C81C5A3F94000EB3CF /* MWLottieTests */,
				B75028B21C5A3F94000EB3CF /* Products */,
				7B4E08F2B7F26AC3E5F055EF /* Pods */,
				1D422113C90D1EF0158CE982 /* Frameworks */,
			);
			sourceTree = "<group>";
		};
		B75028B21C5A3F94000EB3CF /* Products */ = {
			isa = PBXGroup;
			children = (
				B75028B11C5A3F94000EB3CF /* MWLottie.app */,
				B75028C51C5A3F94000EB3CF /* MWLottieTests.xctest */,
			);
			name = Products;
			sourceTree = "<group>";
		};
		B75028B31C5A3F94000EB3CF /* MWLottie */ = {
			isa = PBXGroup;
			children = (
				B190CA3F25939FF00066F8C1 /* App Configuration */,
				B75028D51C5A404A000EB3CF /* Resources */,
				B75028D41C5A4045000EB3CF /* Supporting Files */,
				B75028B41C5A3F94000EB3CF /* AppDelegate.swift */,
				B190CA442593A03E0066F8C1 /* SceneDelegate.swift */,
			);
			path = MWLottie;
			sourceTree = "<group>";
		};
		B75028C81C5A3F94000EB3CF /* MWLottieTests */ = {
			isa = PBXGroup;
			children = (
				B75028D61C5A405D000EB3CF /* Supporting Files */,
				B75028C91C5A3F94000EB3CF /* MWLottieTests.swift */,
			);
			path = MWLottieTests;
			sourceTree = "<group>";
		};
		B75028D41C5A4045000EB3CF /* Supporting Files */ = {
			isa = PBXGroup;
			children = (
				78C0E9BB20BC315100255055 /* MWLottie.entitlements */,
				B75028C01C5A3F94000EB3CF /* Info.plist */,
				B75028D71C5A4093000EB3CF /* fw-shared.xcconfig */,
			);
			path = "Supporting Files";
			sourceTree = "<group>";
		};
		B75028D51C5A404A000EB3CF /* Resources */ = {
			isa = PBXGroup;
			children = (
				B75028BB1C5A3F94000EB3CF /* Assets.xcassets */,
				B75028BD1C5A3F94000EB3CF /* LaunchScreen.storyboard */,
			);
			path = Resources;
			sourceTree = "<group>";
		};
		B75028D61C5A405D000EB3CF /* Supporting Files */ = {
			isa = PBXGroup;
			children = (
				B75028CB1C5A3F94000EB3CF /* Info.plist */,
			);
			path = "Supporting Files";
			sourceTree = "<group>";
		};
/* End PBXGroup section */

/* Begin PBXNativeTarget section */
		B75028B01C5A3F94000EB3CF /* MWLottie */ = {
			isa = PBXNativeTarget;
			buildConfigurationList = B75028CE1C5A3F94000EB3CF /* Build configuration list for PBXNativeTarget "MWLottie" */;
			buildPhases = (
				0973B6B0DA8CBC1277C24026 /* [CP] Check Pods Manifest.lock */,
				B75028AD1C5A3F94000EB3CF /* Sources */,
				B75028AE1C5A3F94000EB3CF /* Frameworks */,
				B75028AF1C5A3F94000EB3CF /* Resources */,
				B190CA3B25939F950066F8C1 /* Embed Frameworks */,
				7D17DCAAE4C5008E9B0C8E53 /* [CP] Embed Pods Frameworks */,
			);
			buildRules = (
			);
			dependencies = (
			);
			name = MWLottie;
			productName = MWLottie;
			productReference = B75028B11C5A3F94000EB3CF /* MWLottie.app */;
			productType = "com.apple.product-type.application";
		};
		B75028C41C5A3F94000EB3CF /* MWLottieTests */ = {
			isa = PBXNativeTarget;
			buildConfigurationList = B75028D11C5A3F94000EB3CF /* Build configuration list for PBXNativeTarget "MWLottieTests" */;
			buildPhases = (
				465DC2FA5CD0DD9D9BE6BE2B /* [CP] Check Pods Manifest.lock */,
				B75028C11C5A3F94000EB3CF /* Sources */,
				B75028C21C5A3F94000EB3CF /* Frameworks */,
				B75028C31C5A3F94000EB3CF /* Resources */,
			);
			buildRules = (
			);
			dependencies = (
				B75028C71C5A3F94000EB3CF /* PBXTargetDependency */,
			);
			name = MWLottieTests;
			productName = MWLottieTests;
			productReference = B75028C51C5A3F94000EB3CF /* MWLottieTests.xctest */;
			productType = "com.apple.product-type.bundle.unit-test";
		};
/* End PBXNativeTarget section */

/* Begin PBXProject section */
		B75028A91C5A3F94000EB3CF /* Project object */ = {
			isa = PBXProject;
			attributes = {
				LastSwiftUpdateCheck = 0720;
				LastUpgradeCheck = 1200;
				ORGANIZATIONNAME = "Future Workshops";
				TargetAttributes = {
					B75028B01C5A3F94000EB3CF = {
						CreatedOnToolsVersion = 7.2;
						DevelopmentTeam = BQHMJ2C6RL;
						LastSwiftMigration = 1020;
						ProvisioningStyle = Manual;
						SystemCapabilities = {
							com.apple.DataProtection = {
								enabled = 1;
							};
						};
					};
					B75028C41C5A3F94000EB3CF = {
						CreatedOnToolsVersion = 7.2;
						LastSwiftMigration = 1020;
						ProvisioningStyle = Manual;
						TestTargetID = B75028B01C5A3F94000EB3CF;
					};
				};
			};
			buildConfigurationList = B75028AC1C5A3F94000EB3CF /* Build configuration list for PBXProject "MWLottie" */;
			compatibilityVersion = "Xcode 3.2";
			developmentRegion = en;
			hasScannedForEncodings = 0;
			knownRegions = (
				en,
				Base,
			);
			mainGroup = B75028A81C5A3F94000EB3CF;
			productRefGroup = B75028B21C5A3F94000EB3CF /* Products */;
			projectDirPath = "";
			projectRoot = "";
			targets = (
				B75028B01C5A3F94000EB3CF /* MWLottie */,
				B75028C41C5A3F94000EB3CF /* MWLottieTests */,
			);
		};
/* End PBXProject section */

/* Begin PBXResourcesBuildPhase section */
		B75028AF1C5A3F94000EB3CF /* Resources */ = {
			isa = PBXResourcesBuildPhase;
			buildActionMask = 2147483647;
			files = (
				B75028BF1C5A3F94000EB3CF /* LaunchScreen.storyboard in Resources */,
				B75028BC1C5A3F94000EB3CF /* Assets.xcassets in Resources */,
				B190CA4125939FFF0066F8C1 /* app.json in Resources */,
			);
			runOnlyForDeploymentPostprocessing = 0;
		};
		B75028C31C5A3F94000EB3CF /* Resources */ = {
			isa = PBXResourcesBuildPhase;
			buildActionMask = 2147483647;
			files = (
			);
			runOnlyForDeploymentPostprocessing = 0;
		};
/* End PBXResourcesBuildPhase section */

/* Begin PBXShellScriptBuildPhase section */
		0973B6B0DA8CBC1277C24026 /* [CP] Check Pods Manifest.lock */ = {
			isa = PBXShellScriptBuildPhase;
			buildActionMask = 2147483647;
			files = (
			);
			inputFileListPaths = (
			);
			inputPaths = (
				"${PODS_PODFILE_DIR_PATH}/Podfile.lock",
				"${PODS_ROOT}/Manifest.lock",
			);
			name = "[CP] Check Pods Manifest.lock";
			outputFileListPaths = (
			);
			outputPaths = (
				"$(DERIVED_FILE_DIR)/Pods-MWLottie-MWLottie-checkManifestLockResult.txt",
			);
			runOnlyForDeploymentPostprocessing = 0;
			shellPath = /bin/sh;
			shellScript = "diff \"${PODS_PODFILE_DIR_PATH}/Podfile.lock\" \"${PODS_ROOT}/Manifest.lock\" > /dev/null\nif [ $? != 0 ] ; then\n    # print error to STDERR\n    echo \"error: The sandbox is not in sync with the Podfile.lock. Run 'pod install' or update your CocoaPods installation.\" >&2\n    exit 1\nfi\n# This output is used by Xcode 'outputs' to avoid re-running this script phase.\necho \"SUCCESS\" > \"${SCRIPT_OUTPUT_FILE_0}\"\n";
			showEnvVarsInLog = 0;
		};
		465DC2FA5CD0DD9D9BE6BE2B /* [CP] Check Pods Manifest.lock */ = {
			isa = PBXShellScriptBuildPhase;
			buildActionMask = 2147483647;
			files = (
			);
			inputFileListPaths = (
			);
			inputPaths = (
				"${PODS_PODFILE_DIR_PATH}/Podfile.lock",
				"${PODS_ROOT}/Manifest.lock",
			);
			name = "[CP] Check Pods Manifest.lock";
			outputFileListPaths = (
			);
			outputPaths = (
				"$(DERIVED_FILE_DIR)/Pods-MWLottieTests-checkManifestLockResult.txt",
			);
			runOnlyForDeploymentPostprocessing = 0;
			shellPath = /bin/sh;
			shellScript = "diff \"${PODS_PODFILE_DIR_PATH}/Podfile.lock\" \"${PODS_ROOT}/Manifest.lock\" > /dev/null\nif [ $? != 0 ] ; then\n    # print error to STDERR\n    echo \"error: The sandbox is not in sync with the Podfile.lock. Run 'pod install' or update your CocoaPods installation.\" >&2\n    exit 1\nfi\n# This output is used by Xcode 'outputs' to avoid re-running this script phase.\necho \"SUCCESS\" > \"${SCRIPT_OUTPUT_FILE_0}\"\n";
			showEnvVarsInLog = 0;
		};
		7D17DCAAE4C5008E9B0C8E53 /* [CP] Embed Pods Frameworks */ = {
			isa = PBXShellScriptBuildPhase;
			buildActionMask = 2147483647;
			files = (
			);
			inputPaths = (
				"${PODS_ROOT}/Target Support Files/Pods-MWLottie-MWLottie/Pods-MWLottie-MWLottie-frameworks.sh",
				"${BUILT_PRODUCTS_DIR}/lottie-ios/Lottie.framework",
				"${PODS_XCFRAMEWORKS_BUILD_DIR}/MobileWorkflowCore/MobileWorkflowCore.framework/MobileWorkflowCore",
			);
			name = "[CP] Embed Pods Frameworks";
			outputPaths = (
				"${TARGET_BUILD_DIR}/${FRAMEWORKS_FOLDER_PATH}/Lottie.framework",
				"${TARGET_BUILD_DIR}/${FRAMEWORKS_FOLDER_PATH}/MobileWorkflowCore.framework",
			);
			runOnlyForDeploymentPostprocessing = 0;
			shellPath = /bin/sh;
			shellScript = "\"${PODS_ROOT}/Target Support Files/Pods-MWLottie-MWLottie/Pods-MWLottie-MWLottie-frameworks.sh\"\n";
			showEnvVarsInLog = 0;
		};
/* End PBXShellScriptBuildPhase section */

/* Begin PBXSourcesBuildPhase section */
		B75028AD1C5A3F94000EB3CF /* Sources */ = {
			isa = PBXSourcesBuildPhase;
			buildActionMask = 2147483647;
			files = (
				B75028B51C5A3F94000EB3CF /* AppDelegate.swift in Sources */,
				B190CA452593A03E0066F8C1 /* SceneDelegate.swift in Sources */,
			);
			runOnlyForDeploymentPostprocessing = 0;
		};
		B75028C11C5A3F94000EB3CF /* Sources */ = {
			isa = PBXSourcesBuildPhase;
			buildActionMask = 2147483647;
			files = (
				B75028CA1C5A3F94000EB3CF /* MWLottieTests.swift in Sources */,
			);
			runOnlyForDeploymentPostprocessing = 0;
		};
/* End PBXSourcesBuildPhase section */

/* Begin PBXTargetDependency section */
		B75028C71C5A3F94000EB3CF /* PBXTargetDependency */ = {
			isa = PBXTargetDependency;
			target = B75028B01C5A3F94000EB3CF /* MWLottie */;
			targetProxy = B75028C61C5A3F94000EB3CF /* PBXContainerItemProxy */;
		};
/* End PBXTargetDependency section */

/* Begin PBXVariantGroup section */
		B75028BD1C5A3F94000EB3CF /* LaunchScreen.storyboard */ = {
			isa = PBXVariantGroup;
			children = (
				B75028BE1C5A3F94000EB3CF /* Base */,
			);
			name = LaunchScreen.storyboard;
			path = .;
			sourceTree = "<group>";
		};
/* End PBXVariantGroup section */

/* Begin XCBuildConfiguration section */
		B75028CC1C5A3F94000EB3CF /* Debug */ = {
			isa = XCBuildConfiguration;
			baseConfigurationReference = B75028D71C5A4093000EB3CF /* fw-shared.xcconfig */;
			buildSettings = {
				ALWAYS_SEARCH_USER_PATHS = NO;
				CLANG_ANALYZER_LOCALIZABILITY_NONLOCALIZED = YES;
				CLANG_CXX_LANGUAGE_STANDARD = "gnu++0x";
				CLANG_CXX_LIBRARY = "libc++";
				CLANG_ENABLE_MODULES = YES;
				CLANG_ENABLE_OBJC_ARC = YES;
				CLANG_WARN_BLOCK_CAPTURE_AUTORELEASING = YES;
				CLANG_WARN_BOOL_CONVERSION = YES;
				CLANG_WARN_COMMA = YES;
				CLANG_WARN_CONSTANT_CONVERSION = YES;
				CLANG_WARN_DIRECT_OBJC_ISA_USAGE = YES_ERROR;
				CLANG_WARN_EMPTY_BODY = YES;
				CLANG_WARN_ENUM_CONVERSION = YES;
				CLANG_WARN_INFINITE_RECURSION = YES;
				CLANG_WARN_INT_CONVERSION = YES;
				CLANG_WARN_OBJC_ROOT_CLASS = YES_ERROR;
				CLANG_WARN_QUOTED_INCLUDE_IN_FRAMEWORK_HEADER = YES;
				CLANG_WARN_RANGE_LOOP_ANALYSIS = YES;
				CLANG_WARN_STRICT_PROTOTYPES = YES;
				CLANG_WARN_SUSPICIOUS_MOVE = YES;
				CLANG_WARN_UNREACHABLE_CODE = YES;
				CLANG_WARN__DUPLICATE_METHOD_MATCH = YES;
				"CODE_SIGN_IDENTITY[sdk=iphoneos*]" = "iPhone Developer";
				COPY_PHASE_STRIP = NO;
				DEBUG_INFORMATION_FORMAT = dwarf;
				ENABLE_STRICT_OBJC_MSGSEND = YES;
				ENABLE_TESTABILITY = YES;
				GCC_C_LANGUAGE_STANDARD = gnu99;
				GCC_DYNAMIC_NO_PIC = NO;
				GCC_NO_COMMON_BLOCKS = YES;
				GCC_OPTIMIZATION_LEVEL = 0;
				GCC_PREPROCESSOR_DEFINITIONS = (
					"DEBUG=1",
					"$(inherited)",
				);
				GCC_WARN_64_TO_32_BIT_CONVERSION = YES;
				GCC_WARN_ABOUT_RETURN_TYPE = YES_ERROR;
				GCC_WARN_UNDECLARED_SELECTOR = YES;
				GCC_WARN_UNINITIALIZED_AUTOS = YES_AGGRESSIVE;
				GCC_WARN_UNUSED_FUNCTION = YES;
				GCC_WARN_UNUSED_VARIABLE = YES;
				IPHONEOS_DEPLOYMENT_TARGET = 13.0;
				MTL_ENABLE_DEBUG_INFO = YES;
				ONLY_ACTIVE_ARCH = YES;
				SDKROOT = iphoneos;
				SWIFT_OPTIMIZATION_LEVEL = "-Onone";
				SWIFT_VERSION = 5.0;
				TARGETED_DEVICE_FAMILY = "1,2";
			};
			name = Debug;
		};
		B75028CD1C5A3F94000EB3CF /* Release */ = {
			isa = XCBuildConfiguration;
			baseConfigurationReference = B75028D71C5A4093000EB3CF /* fw-shared.xcconfig */;
			buildSettings = {
				ALWAYS_SEARCH_USER_PATHS = NO;
				CLANG_ANALYZER_LOCALIZABILITY_NONLOCALIZED = YES;
				CLANG_CXX_LANGUAGE_STANDARD = "gnu++0x";
				CLANG_CXX_LIBRARY = "libc++";
				CLANG_ENABLE_MODULES = YES;
				CLANG_ENABLE_OBJC_ARC = YES;
				CLANG_WARN_BLOCK_CAPTURE_AUTORELEASING = YES;
				CLANG_WARN_BOOL_CONVERSION = YES;
				CLANG_WARN_COMMA = YES;
				CLANG_WARN_CONSTANT_CONVERSION = YES;
				CLANG_WARN_DIRECT_OBJC_ISA_USAGE = YES_ERROR;
				CLANG_WARN_EMPTY_BODY = YES;
				CLANG_WARN_ENUM_CONVERSION = YES;
				CLANG_WARN_INFINITE_RECURSION = YES;
				CLANG_WARN_INT_CONVERSION = YES;
				CLANG_WARN_OBJC_ROOT_CLASS = YES_ERROR;
				CLANG_WARN_QUOTED_INCLUDE_IN_FRAMEWORK_HEADER = YES;
				CLANG_WARN_RANGE_LOOP_ANALYSIS = YES;
				CLANG_WARN_STRICT_PROTOTYPES = YES;
				CLANG_WARN_SUSPICIOUS_MOVE = YES;
				CLANG_WARN_UNREACHABLE_CODE = YES;
				CLANG_WARN__DUPLICATE_METHOD_MATCH = YES;
				"CODE_SIGN_IDENTITY[sdk=iphoneos*]" = "iPhone Developer";
				COPY_PHASE_STRIP = NO;
				DEBUG_INFORMATION_FORMAT = "dwarf-with-dsym";
				ENABLE_NS_ASSERTIONS = NO;
				ENABLE_STRICT_OBJC_MSGSEND = YES;
				GCC_C_LANGUAGE_STANDARD = gnu99;
				GCC_NO_COMMON_BLOCKS = YES;
				GCC_WARN_64_TO_32_BIT_CONVERSION = YES;
				GCC_WARN_ABOUT_RETURN_TYPE = YES_ERROR;
				GCC_WARN_UNDECLARED_SELECTOR = YES;
				GCC_WARN_UNINITIALIZED_AUTOS = YES_AGGRESSIVE;
				GCC_WARN_UNUSED_FUNCTION = YES;
				GCC_WARN_UNUSED_VARIABLE = YES;
				IPHONEOS_DEPLOYMENT_TARGET = 13.0;
				MTL_ENABLE_DEBUG_INFO = NO;
				SDKROOT = iphoneos;
				SWIFT_OPTIMIZATION_LEVEL = "-Owholemodule";
				SWIFT_VERSION = 5.0;
				TARGETED_DEVICE_FAMILY = "1,2";
				VALIDATE_PRODUCT = YES;
			};
			name = Release;
		};
		B75028CF1C5A3F94000EB3CF /* Debug */ = {
			isa = XCBuildConfiguration;
			baseConfigurationReference = 3FF2C9A8AC3BDDC8C9E9DEFA /* Pods-MWLottie-MWLottie.debug.xcconfig */;
			buildSettings = {
				ASSETCATALOG_COMPILER_APPICON_NAME = AppIcon;
				CODE_SIGN_ENTITLEMENTS = "MWLottie/Supporting Files/MWLottie.entitlements";
				CODE_SIGN_STYLE = Manual;
				DEVELOPMENT_TEAM = BQHMJ2C6RL;
				INFOPLIST_FILE = "MWLottie/Supporting Files/Info.plist";
				LD_RUNPATH_SEARCH_PATHS = "$(inherited) @executable_path/Frameworks";
				PRODUCT_BUNDLE_IDENTIFIER = com.futureworkshops.MWLottie;
				PRODUCT_NAME = "$(TARGET_NAME)";
				PROVISIONING_PROFILE_SPECIFIER = "FW-Ent-All-Development";
				SWIFT_VERSION = 5.0;
				TARGETED_DEVICE_FAMILY = 1;
			};
			name = Debug;
		};
		B75028D01C5A3F94000EB3CF /* Release */ = {
			isa = XCBuildConfiguration;
			baseConfigurationReference = 0790DB25F588CF56B6B3C13B /* Pods-MWLottie-MWLottie.release.xcconfig */;
			buildSettings = {
				ASSETCATALOG_COMPILER_APPICON_NAME = AppIcon;
				CODE_SIGN_ENTITLEMENTS = "MWLottie/Supporting Files/MWLottie.entitlements";
				CODE_SIGN_STYLE = Manual;
				DEVELOPMENT_TEAM = BQHMJ2C6RL;
				INFOPLIST_FILE = "MWLottie/Supporting Files/Info.plist";
				LD_RUNPATH_SEARCH_PATHS = "$(inherited) @executable_path/Frameworks";
				PRODUCT_BUNDLE_IDENTIFIER = com.futureworkshops.MWLottie;
				PRODUCT_NAME = "$(TARGET_NAME)";
				PROVISIONING_PROFILE_SPECIFIER = "FW-Ent-All-Development";
				SWIFT_VERSION = 5.0;
				TARGETED_DEVICE_FAMILY = 1;
			};
			name = Release;
		};
		B75028D21C5A3F94000EB3CF /* Debug */ = {
			isa = XCBuildConfiguration;
			baseConfigurationReference = 7A8FE5FF12A678A2965D6BBA /* Pods-MWLottieTests.debug.xcconfig */;
			buildSettings = {
				BUNDLE_LOADER = "$(TEST_HOST)";
				CODE_SIGN_STYLE = Manual;
				DEVELOPMENT_TEAM = "";
				INFOPLIST_FILE = "MWLottieTests/Supporting Files/Info.plist";
				LD_RUNPATH_SEARCH_PATHS = "$(inherited) @executable_path/Frameworks @loader_path/Frameworks";
				PRODUCT_BUNDLE_IDENTIFIER = com.futureworkshops.MWLottieTests;
				PRODUCT_NAME = "$(TARGET_NAME)";
				PROVISIONING_PROFILE_SPECIFIER = "";
				SWIFT_VERSION = 5.0;
				TEST_HOST = "$(BUILT_PRODUCTS_DIR)/MWLottie.app/MWLottie";
			};
			name = Debug;
		};
		B75028D31C5A3F94000EB3CF /* Release */ = {
			isa = XCBuildConfiguration;
			baseConfigurationReference = 6E316C8471512CB2D33763B0 /* Pods-MWLottieTests.release.xcconfig */;
			buildSettings = {
				BUNDLE_LOADER = "$(TEST_HOST)";
				CODE_SIGN_STYLE = Manual;
				DEVELOPMENT_TEAM = "";
				INFOPLIST_FILE = "MWLottieTests/Supporting Files/Info.plist";
				LD_RUNPATH_SEARCH_PATHS = "$(inherited) @executable_path/Frameworks @loader_path/Frameworks";
				PRODUCT_BUNDLE_IDENTIFIER = com.futureworkshops.MWLottieTests;
				PRODUCT_NAME = "$(TARGET_NAME)";
				PROVISIONING_PROFILE_SPECIFIER = "";
				SWIFT_VERSION = 5.0;
				TEST_HOST = "$(BUILT_PRODUCTS_DIR)/MWLottie.app/MWLottie";
			};
			name = Release;
		};
/* End XCBuildConfiguration section */

/* Begin XCConfigurationList section */
		B75028AC1C5A3F94000EB3CF /* Build configuration list for PBXProject "MWLottie" */ = {
			isa = XCConfigurationList;
			buildConfigurations = (
				B75028CC1C5A3F94000EB3CF /* Debug */,
				B75028CD1C5A3F94000EB3CF /* Release */,
			);
			defaultConfigurationIsVisible = 0;
			defaultConfigurationName = Release;
		};
		B75028CE1C5A3F94000EB3CF /* Build configuration list for PBXNativeTarget "MWLottie" */ = {
			isa = XCConfigurationList;
			buildConfigurations = (
				B75028CF1C5A3F94000EB3CF /* Debug */,
				B75028D01C5A3F94000EB3CF /* Release */,
			);
			defaultConfigurationIsVisible = 0;
			defaultConfigurationName = Release;
		};
		B75028D11C5A3F94000EB3CF /* Build configuration list for PBXNativeTarget "MWLottieTests" */ = {
			isa = XCConfigurationList;
			buildConfigurations = (
				B75028D21C5A3F94000EB3CF /* Debug */,
				B75028D31C5A3F94000EB3CF /* Release */,
			);
			defaultConfigurationIsVisible = 0;
			defaultConfigurationName = Release;
		};
/* End XCConfigurationList section */
	};
	rootObject = B75028A91C5A3F94000EB3CF /* Project object */;
}
